
Microsoft Visual Studio Solution File, Format Version 12.00
# Visual Studio Express 14 for Windows Desktop
VisualStudioVersion = 14.0.25420.1
MinimumVisualStudioVersion = 10.0.40219.1
Project("{FAE04EC0-301F-11D3-BF4B-00C04F79EFBC}") = "snake", "snake\snake.csproj", "{5B038854-09DF-4255-A0A9-9D3061FA258B}"
EndProject
Global
	GlobalSection(SolutionConfigurationPlatforms) = preSolution
		Debug|Any CPU = Debug|Any CPU
		Release|Any CPU = Release|Any CPU
	EndGlobalSection
	GlobalSection(ProjectConfigurationPlatforms) = postSolution
		{5B038854-09DF-4255-A0A9-9D3061FA258B}.Debug|Any CPU.ActiveCfg = Debug|Any CPU
		{5B038854-09DF-4255-A0A9-9D3061FA258B}.Debug|Any CPU.Build.0 = Debug|Any CPU
		{5B038854-09DF-4255-A0A9-9D3061FA258B}.Release|Any CPU.ActiveCfg = Release|Any CPU
		{5B038854-09DF-4255-A0A9-9D3061FA258B}.Release|Any CPU.Build.0 = Release|Any CPU
	EndGlobalSection
	GlobalSection(SolutionProperties) = preSolution
		HideSolutionNode = FALSE
	EndGlobalSection
EndGlobal
